
Microsoft Visual Studio Solution File, Format Version 12.00
# Visual Studio Version 16
VisualStudioVersion = 16.0.30320.27
MinimumVisualStudioVersion = 10.0.40219.1
Project("{9A19103F-16F7-4668-BE54-9A1E7A4F7556}") = "BarcodeCompare", "barcode3\BarcodeCompare.csproj", "{D8D134C0-21F7-4231-81FC-6475D781C40F}"
EndProject
Global
	GlobalSection(SolutionConfigurationPlatforms) = preSolution
		Debug|Any CPU = Debug|Any CPU
		Release|Any CPU = Release|Any CPU
	EndGlobalSection
	GlobalSection(ProjectConfigurationPlatforms) = postSolution
		{D8D134C0-21F7-4231-81FC-6475D781C40F}.Debug|Any CPU.ActiveCfg = Debug|Any CPU
		{D8D134C0-21F7-4231-81FC-6475D781C40F}.Debug|Any CPU.Build.0 = Debug|Any CPU
		{D8D134C0-21F7-4231-81FC-6475D781C40F}.Release|Any CPU.ActiveCfg = Release|Any CPU
		{D8D134C0-21F7-4231-81FC-6475D781C40F}.Release|Any CPU.Build.0 = Release|Any CPU
	EndGlobalSection
	GlobalSection(SolutionProperties) = preSolution
		HideSolutionNode = FALSE
	EndGlobalSection
	GlobalSection(ExtensibilityGlobals) = postSolution
		SolutionGuid = {5AD7EA77-60AE-4F2F-AAFB-532B625DB761}
	EndGlobalSection
EndGlobal
